<?xml version="1.0" encoding="utf-8"?>
<Project ToolsVersion="4.0" xmlns="http://schemas.microsoft.com/developer/msbuild/2003">
  <ItemGroup>
    <Filter Include="Source Files">
      <UniqueIdentifier>{4FC737F1-C7A5-4376-A066-2A32D752A2FF}</UniqueIdentifier>
      <Extensions>cpp;c;cc;cxx;c++;cppm;ixx;def;odl;idl;hpj;bat;asm;asmx</Extensions>
    </Filter>
    <Filter Include="Header Files">
      <UniqueIdentifier>{93995380-89BD-4b04-88EB-625FBE52EBFB}</UniqueIdentifier>
      <Extensions>h;hh;hpp;hxx;h++;hm;inl;inc;ipp;xsd</Extensions>
    </Filter>
    <Filter Include="Resource Files">
      <UniqueIdentifier>{67DA6AB6-F800-4c08-8B7A-83BB121AAD01}</UniqueIdentifier>
      <Extensions>rc;ico;cur;bmp;dlg;rc2;rct;bin;rgs;gif;jpg;jpeg;jpe;resx;tiff;tif;png;wav;mfcribbon-ms</Extensions>
    </Filter>
  </ItemGroup>
  <ItemGroup>
    <ClCompile Include="src\main.cpp">
      <Filter>Source Files</Filter>
    </ClCompile>
    <ClCompile Include="src\Node\ANode.cpp">
      <Filter>Source Files</Filter>
    </ClCompile>
    <ClCompile Include="src\Node\CoreNode.cpp">
      <Filter>Source Files</Filter>
    </ClCompile>
    <ClCompile Include="src\StdSystem.cpp">
      <Filter>Source Files</Filter>
    </ClCompile>
    <ClCompile Include="src\ObjInfo\GfxobjInfo.cpp">
      <Filter>Source Files</Filter>
    </ClCompile>
    <ClCompile Include="src\ID32.cpp">
      <Filter>Source Files</Filter>
    </ClCompile>
    <ClCompile Include="src\Ayu\AyuStack.cpp">
      <Filter>Source Files</Filter>
    </ClCompile>
    <ClCompile Include="src\Ayu\AyuHeap.cpp">
      <Filter>Source Files</Filter>
    </ClCompile>
    <ClCompile Include="src\Stream\Stream.cpp">
      <Filter>Source Files</Filter>
    </ClCompile>
    <ClCompile Include="src\String_.cpp">
      <Filter>Source Files</Filter>
    </ClCompile>
  </ItemGroup>
  <ItemGroup>
    <ClInclude Include="src\types.hpp">
      <Filter>Source Files</Filter>
    </ClInclude>
    <ClInclude Include="src\Node\ANode.h">
      <Filter>Source Files</Filter>
    </ClInclude>
    <ClInclude Include="src\Node\CoreNode.h">
      <Filter>Source Files</Filter>
    </ClInclude>
    <ClInclude Include="src\StdSystem.h">
      <Filter>Source Files</Filter>
    </ClInclude>
    <ClInclude Include="src\ObjInfo\GfxobjInfo.h">
      <Filter>Source Files</Filter>
    </ClInclude>
    <ClInclude Include="src\ID32.h">
      <Filter>Source Files</Filter>
    </ClInclude>
    <ClInclude Include="src\Ayu\AyuStack.h">
      <Filter>Source Files</Filter>
    </ClInclude>
    <ClInclude Include="src\Ayu\AyuHeap.h">
      <Filter>Source Files</Filter>
    </ClInclude>
    <ClInclude Include="src\Stream\Stream.h">
      <Filter>Source Files</Filter>
    </ClInclude>
    <ClInclude Include="src\String_.h">
      <Filter>Source Files</Filter>
    </ClInclude>
  </ItemGroup>
</Project>